
Microsoft Visual Studio Solution File, Format Version 12.00
# Visual Studio Version 16
VisualStudioVersion = 16.0.30413.136
MinimumVisualStudioVersion = 10.0.40219.1
Project("{FAE04EC0-301F-11D3-BF4B-00C04F79EFBC}") = "Danh Sách Sản Phẩm Up Shopee", "Danh Sách Sản Phẩm Up Shopee\Danh Sách Sản Phẩm Up Shopee.csproj", "{28A92818-3C2A-4C6B-85F4-006A5F26E890}"
EndProject
Global
	GlobalSection(SolutionConfigurationPlatforms) = preSolution
		Debug|Any CPU = Debug|Any CPU
		Release|Any CPU = Release|Any CPU
	EndGlobalSection
	GlobalSection(ProjectConfigurationPlatforms) = postSolution
		{28A92818-3C2A-4C6B-85F4-006A5F26E890}.Debug|Any CPU.ActiveCfg = Debug|Any CPU
		{28A92818-3C2A-4C6B-85F4-006A5F26E890}.Debug|Any CPU.Build.0 = Debug|Any CPU
		{28A92818-3C2A-4C6B-85F4-006A5F26E890}.Release|Any CPU.ActiveCfg = Release|Any CPU
		{28A92818-3C2A-4C6B-85F4-006A5F26E890}.Release|Any CPU.Build.0 = Release|Any CPU
	EndGlobalSection
	GlobalSection(SolutionProperties) = preSolution
		HideSolutionNode = FALSE
	EndGlobalSection
	GlobalSection(ExtensibilityGlobals) = postSolution
		SolutionGuid = {D254AED3-9DDF-4356-867D-F2888EC99C61}
	EndGlobalSection
EndGlobal
