
Microsoft Visual Studio Solution File, Format Version 12.00
# Visual Studio Version 16
VisualStudioVersion = 16.0.30413.136
MinimumVisualStudioVersion = 10.0.40219.1
Project("{FAE04EC0-301F-11D3-BF4B-00C04F79EFBC}") = "NguonHangAZ", "NguonHangAZ\NguonHangAZ.csproj", "{75C2D84B-0B7F-44F3-BE69-2908C2652F53}"
EndProject
Global
	GlobalSection(SolutionConfigurationPlatforms) = preSolution
		Debug|Any CPU = Debug|Any CPU
		Release|Any CPU = Release|Any CPU
	EndGlobalSection
	GlobalSection(ProjectConfigurationPlatforms) = postSolution
		{75C2D84B-0B7F-44F3-BE69-2908C2652F53}.Debug|Any CPU.ActiveCfg = Debug|Any CPU
		{75C2D84B-0B7F-44F3-BE69-2908C2652F53}.Debug|Any CPU.Build.0 = Debug|Any CPU
		{75C2D84B-0B7F-44F3-BE69-2908C2652F53}.Release|Any CPU.ActiveCfg = Release|Any CPU
		{75C2D84B-0B7F-44F3-BE69-2908C2652F53}.Release|Any CPU.Build.0 = Release|Any CPU
	EndGlobalSection
	GlobalSection(SolutionProperties) = preSolution
		HideSolutionNode = FALSE
	EndGlobalSection
	GlobalSection(ExtensibilityGlobals) = postSolution
		SolutionGuid = {99DAE8BC-1F1A-4165-83C9-9E82B75B4E25}
	EndGlobalSection
EndGlobal
