
Microsoft Visual Studio Solution File, Format Version 12.00
# Visual Studio Version 16
VisualStudioVersion = 16.0.29926.136
MinimumVisualStudioVersion = 10.0.40219.1
Project("{FAE04EC0-301F-11D3-BF4B-00C04F79EFBC}") = "Dang Don Len GHTK", "Dang Don Len GHTK\Dang Don Len GHTK.csproj", "{164BB407-2E46-4A5D-93C5-548905C6559F}"
EndProject
Global
	GlobalSection(SolutionConfigurationPlatforms) = preSolution
		Debug|Any CPU = Debug|Any CPU
		Release|Any CPU = Release|Any CPU
	EndGlobalSection
	GlobalSection(ProjectConfigurationPlatforms) = postSolution
		{164BB407-2E46-4A5D-93C5-548905C6559F}.Debug|Any CPU.ActiveCfg = Debug|Any CPU
		{164BB407-2E46-4A5D-93C5-548905C6559F}.Debug|Any CPU.Build.0 = Debug|Any CPU
		{164BB407-2E46-4A5D-93C5-548905C6559F}.Release|Any CPU.ActiveCfg = Release|Any CPU
		{164BB407-2E46-4A5D-93C5-548905C6559F}.Release|Any CPU.Build.0 = Release|Any CPU
	EndGlobalSection
	GlobalSection(SolutionProperties) = preSolution
		HideSolutionNode = FALSE
	EndGlobalSection
	GlobalSection(ExtensibilityGlobals) = postSolution
		SolutionGuid = {4A507680-758D-4776-992D-AB972975F5A5}
	EndGlobalSection
EndGlobal
