
Microsoft Visual Studio Solution File, Format Version 12.00
# Visual Studio Version 16
VisualStudioVersion = 16.0.29926.136
MinimumVisualStudioVersion = 10.0.40219.1
Project("{FAE04EC0-301F-11D3-BF4B-00C04F79EFBC}") = "Lay Khach Hang 3M", "Lay Khach Hang 3M\Lay Khach Hang 3M.csproj", "{2216B86E-D2D1-4B55-9FA6-4849BBC7AAF3}"
EndProject
Global
	GlobalSection(SolutionConfigurationPlatforms) = preSolution
		Debug|Any CPU = Debug|Any CPU
		Release|Any CPU = Release|Any CPU
	EndGlobalSection
	GlobalSection(ProjectConfigurationPlatforms) = postSolution
		{2216B86E-D2D1-4B55-9FA6-4849BBC7AAF3}.Debug|Any CPU.ActiveCfg = Debug|Any CPU
		{2216B86E-D2D1-4B55-9FA6-4849BBC7AAF3}.Debug|Any CPU.Build.0 = Debug|Any CPU
		{2216B86E-D2D1-4B55-9FA6-4849BBC7AAF3}.Release|Any CPU.ActiveCfg = Release|Any CPU
		{2216B86E-D2D1-4B55-9FA6-4849BBC7AAF3}.Release|Any CPU.Build.0 = Release|Any CPU
	EndGlobalSection
	GlobalSection(SolutionProperties) = preSolution
		HideSolutionNode = FALSE
	EndGlobalSection
	GlobalSection(ExtensibilityGlobals) = postSolution
		SolutionGuid = {0E3C3608-84FF-4432-AE8C-FED0F6ADDD33}
	EndGlobalSection
EndGlobal
