
Microsoft Visual Studio Solution File, Format Version 12.00
# Visual Studio Version 17
VisualStudioVersion = 17.0.31903.59
MinimumVisualStudioVersion = 10.0.40219.1
Project("{FAE04EC0-301F-11D3-BF4B-00C04F79EFBC}") = "Bật Tắt Máy Bơm Nước", "Bật Tắt Máy Bơm Nước\Bật Tắt Máy Bơm Nước.csproj", "{5A585CC1-2699-4559-A0FF-6D88C01C7AC5}"
EndProject
Global
	GlobalSection(SolutionConfigurationPlatforms) = preSolution
		Debug|Any CPU = Debug|Any CPU
		Release|Any CPU = Release|Any CPU
	EndGlobalSection
	GlobalSection(ProjectConfigurationPlatforms) = postSolution
		{5A585CC1-2699-4559-A0FF-6D88C01C7AC5}.Debug|Any CPU.ActiveCfg = Debug|Any CPU
		{5A585CC1-2699-4559-A0FF-6D88C01C7AC5}.Debug|Any CPU.Build.0 = Debug|Any CPU
		{5A585CC1-2699-4559-A0FF-6D88C01C7AC5}.Release|Any CPU.ActiveCfg = Release|Any CPU
		{5A585CC1-2699-4559-A0FF-6D88C01C7AC5}.Release|Any CPU.Build.0 = Release|Any CPU
	EndGlobalSection
	GlobalSection(SolutionProperties) = preSolution
		HideSolutionNode = FALSE
	EndGlobalSection
	GlobalSection(ExtensibilityGlobals) = postSolution
		SolutionGuid = {D3DE7F09-CF04-482D-ADDC-F0D31212A045}
	EndGlobalSection
EndGlobal
