
Microsoft Visual Studio Solution File, Format Version 12.00
# Visual Studio Version 16
VisualStudioVersion = 16.0.29926.136
MinimumVisualStudioVersion = 10.0.40219.1
Project("{FAE04EC0-301F-11D3-BF4B-00C04F79EFBC}") = "Chinh Sua Bai Viet Website", "Chinh Sua Bai Viet Website\Chinh Sua Bai Viet Website.csproj", "{EEDE3C21-C5B6-42AB-BF6E-1769F23EDFA1}"
EndProject
Global
	GlobalSection(SolutionConfigurationPlatforms) = preSolution
		Debug|Any CPU = Debug|Any CPU
		Release|Any CPU = Release|Any CPU
	EndGlobalSection
	GlobalSection(ProjectConfigurationPlatforms) = postSolution
		{EEDE3C21-C5B6-42AB-BF6E-1769F23EDFA1}.Debug|Any CPU.ActiveCfg = Debug|Any CPU
		{EEDE3C21-C5B6-42AB-BF6E-1769F23EDFA1}.Debug|Any CPU.Build.0 = Debug|Any CPU
		{EEDE3C21-C5B6-42AB-BF6E-1769F23EDFA1}.Release|Any CPU.ActiveCfg = Release|Any CPU
		{EEDE3C21-C5B6-42AB-BF6E-1769F23EDFA1}.Release|Any CPU.Build.0 = Release|Any CPU
	EndGlobalSection
	GlobalSection(SolutionProperties) = preSolution
		HideSolutionNode = FALSE
	EndGlobalSection
	GlobalSection(ExtensibilityGlobals) = postSolution
		SolutionGuid = {288DB37B-EA2D-449B-9CA1-372E84ADD2BF}
	EndGlobalSection
EndGlobal
